// !$*UTF8*$!
{
	archiveVersion = 1;
	classes = {
	};
	objectVersion = 46;
	objects = {

/* Begin PBXBuildFile section */
		BC69BA341C91233E000DBC35 /* main.m in Sources */ = {isa = PBXBuildFile; fileRef = BC69BA331C91233E000DBC35 /* main.m */; };
		BC69BA371C91233E000DBC35 /* AppDelegate.m in Sources */ = {isa = PBXBuildFile; fileRef = BC69BA361C91233E000DBC35 /* AppDelegate.m */; };
		BC69BA3A1C91233E000DBC35 /* MasterViewController.m in Sources */ = {isa = PBXBuildFile; fileRef = BC69BA391C91233E000DBC35 /* MasterViewController.m */; };
		BC69BA3D1C91233E000DBC35 /* DetailViewController.m in Sources */ = {isa = PBXBuildFile; fileRef = BC69BA3C1C91233E000DBC35 /* DetailViewController.m */; };
		BC69BA401C91233E000DBC35 /* Main.storyboard in Resources */ = {isa = PBXBuildFile; fileRef = BC69BA3E1C91233E000DBC35 /* Main.storyboard */; };
		BC69BA421C91233E000DBC35 /* Assets.xcassets in Resources */ = {isa = PBXBuildFile; fileRef = BC69BA411C91233E000DBC35 /* Assets.xcassets */; };
		BC69BA451C91233E000DBC35 /* LaunchScreen.storyboard in Resources */ = {isa = PBXBuildFile; fileRef = BC69BA431C91233E000DBC35 /* LaunchScreen.storyboard */; };
/* End PBXBuildFile section */

/* Begin PBXFileReference section */
		BC69BA2F1C91233E000DBC35 /* ooyala.app */ = {isa = PBXFileReference; explicitFileType = wrapper.application; includeInIndex = 0; path = ooyala.app; sourceTree = BUILT_PRODUCTS_DIR; };
		BC69BA331C91233E000DBC35 /* main.m */ = {isa = PBXFileReference; lastKnownFileType = sourcecode.c.objc; path = main.m; sourceTree = "<group>"; };
		BC69BA351C91233E000DBC35 /* AppDelegate.h */ = {isa = PBXFileReference; lastKnownFileType = sourcecode.c.h; path = AppDelegate.h; sourceTree = "<group>"; };
		BC69BA361C91233E000DBC35 /* AppDelegate.m */ = {isa = PBXFileReference; lastKnownFileType = sourcecode.c.objc; path = AppDelegate.m; sourceTree = "<group>"; };
		BC69BA381C91233E000DBC35 /* MasterViewController.h */ = {isa = PBXFileReference; lastKnownFileType = sourcecode.c.h; path = MasterViewController.h; sourceTree = "<group>"; };
		BC69BA391C91233E000DBC35 /* MasterViewController.m */ = {isa = PBXFileReference; lastKnownFileType = sourcecode.c.objc; path = MasterViewController.m; sourceTree = "<group>"; };
		BC69BA3B1C91233E000DBC35 /* DetailViewController.h */ = {isa = PBXFileReference; lastKnownFileType = sourcecode.c.h; path = DetailViewController.h; sourceTree = "<group>"; };
		BC69BA3C1C91233E000DBC35 /* DetailViewController.m */ = {isa = PBXFileReference; lastKnownFileType = sourcecode.c.objc; path = DetailViewController.m; sourceTree = "<group>"; };
		BC69BA3F1C91233E000DBC35 /* Base */ = {isa = PBXFileReference; lastKnownFileType = file.storyboard; name = Base; path = Base.lproj/Main.storyboard; sourceTree = "<group>"; };
		BC69BA411C91233E000DBC35 /* Assets.xcassets */ = {isa = PBXFileReference; lastKnownFileType = folder.assetcatalog; path = Assets.xcassets; sourceTree = "<group>"; };
		BC69BA441C91233E000DBC35 /* Base */ = {isa = PBXFileReference; lastKnownFileType = file.storyboard; name = Base; path = Base.lproj/LaunchScreen.storyboard; sourceTree = "<group>"; };
		BC69BA461C91233E000DBC35 /* Info.plist */ = {isa = PBXFileReference; lastKnownFileType = text.plist.xml; path = Info.plist; sourceTree = "<group>"; };
/* End PBXFileReference section */

/* Begin PBXFrameworksBuildPhase section */
		BC69BA2C1C91233E000DBC35 /* Frameworks */ = {
			isa = PBXFrameworksBuildPhase;
			buildActionMask = 2147483647;
			files = (
			);
			runOnlyForDeploymentPostprocessing = 0;
		};
/* End PBXFrameworksBuildPhase section */

/* Begin PBXGroup section */
		BC69BA261C91233E000DBC35 = {
			isa = PBXGroup;
			children = (
				BC69BA311C91233E000DBC35 /* ooyala */,
				BC69BA301C91233E000DBC35 /* Products */,
			);
			sourceTree = "<group>";
		};
		BC69BA301C91233E000DBC35 /* Products */ = {
			isa = PBXGroup;
			children = (
				BC69BA2F1C91233E000DBC35 /* ooyala.app */,
			);
			name = Products;
			sourceTree = "<group>";
		};
		BC69BA311C91233E000DBC35 /* ooyala */ = {
			isa = PBXGroup;
			children = (
				BC69BA351C91233E000DBC35 /* AppDelegate.h */,
				BC69BA361C91233E000DBC35 /* AppDelegate.m */,
				BC69BA381C91233E000DBC35 /* MasterViewController.h */,
				BC69BA391C91233E000DBC35 /* MasterViewController.m */,
				BC69BA3B1C91233E000DBC35 /* DetailViewController.h */,
				BC69BA3C1C91233E000DBC35 /* DetailViewController.m */,
				BC69BA3E1C91233E000DBC35 /* Main.storyboard */,
				BC69BA411C91233E000DBC35 /* Assets.xcassets */,
				BC69BA431C91233E000DBC35 /* LaunchScreen.storyboard */,
				BC69BA461C91233E000DBC35 /* Info.plist */,
				BC69BA321C91233E000DBC35 /* Supporting Files */,
			);
			path = ooyala;
			sourceTree = "<group>";
		};
		BC69BA321C91233E000DBC35 /* Supporting Files */ = {
			isa = PBXGroup;
			children = (
				BC69BA331C91233E000DBC35 /* main.m */,
			);
			name = "Supporting Files";
			sourceTree = "<group>";
		};
/* End PBXGroup section */

/* Begin PBXNativeTarget section */
		BC69BA2E1C91233E000DBC35 /* ooyala */ = {
			isa = PBXNativeTarget;
			buildConfigurationList = BC69BA491C91233E000DBC35 /* Build configuration list for PBXNativeTarget "ooyala" */;
			buildPhases = (
				BC69BA2B1C91233E000DBC35 /* Sources */,
				BC69BA2C1C91233E000DBC35 /* Frameworks */,
				BC69BA2D1C91233E000DBC35 /* Resources */,
			);
			buildRules = (
			);
			dependencies = (
			);
			name = ooyala;
			productName = ooyala;
			productReference = BC69BA2F1C91233E000DBC35 /* ooyala.app */;
			productType = "com.apple.product-type.application";
		};
/* End PBXNativeTarget section */

/* Begin PBXProject section */
		BC69BA271C91233E000DBC35 /* Project object */ = {
			isa = PBXProject;
			attributes = {
				LastUpgradeCheck = 0720;
				ORGANIZATIONNAME = unkown;
				TargetAttributes = {
					BC69BA2E1C91233E000DBC35 = {
						CreatedOnToolsVersion = 7.2.1;
					};
				};
			};
			buildConfigurationList = BC69BA2A1C91233E000DBC35 /* Build configuration list for PBXProject "ooyala" */;
			compatibilityVersion = "Xcode 3.2";
			developmentRegion = English;
			hasScannedForEncodings = 0;
			knownRegions = (
				en,
				Base,
			);
			mainGroup = BC69BA261C91233E000DBC35;
			productRefGroup = BC69BA301C91233E000DBC35 /* Products */;
			projectDirPath = "";
			projectRoot = "";
			targets = (
				BC69BA2E1C91233E000DBC35 /* ooyala */,
			);
		};
/* End PBXProject section */

/* Begin PBXResourcesBuildPhase section */
		BC69BA2D1C91233E000DBC35 /* Resources */ = {
			isa = PBXResourcesBuildPhase;
			buildActionMask = 2147483647;
			files = (
				BC69BA451C91233E000DBC35 /* LaunchScreen.storyboard in Resources */,
				BC69BA421C91233E000DBC35 /* Assets.xcassets in Resources */,
				BC69BA401C91233E000DBC35 /* Main.storyboard in Resources */,
			);
			runOnlyForDeploymentPostprocessing = 0;
		};
/* End PBXResourcesBuildPhase section */

/* Begin PBXSourcesBuildPhase section */
		BC69BA2B1C91233E000DBC35 /* Sources */ = {
			isa = PBXSourcesBuildPhase;
			buildActionMask = 2147483647;
			files = (
				BC69BA371C91233E000DBC35 /* AppDelegate.m in Sources */,
				BC69BA3A1C91233E000DBC35 /* MasterViewController.m in Sources */,
				BC69BA341C91233E000DBC35 /* main.m in Sources */,
				BC69BA3D1C91233E000DBC35 /* DetailViewController.m in Sources */,
			);
			runOnlyForDeploymentPostprocessing = 0;
		};
/* End PBXSourcesBuildPhase section */

/* Begin PBXVariantGroup section */
		BC69BA3E1C91233E000DBC35 /* Main.storyboard */ = {
			isa = PBXVariantGroup;
			children = (
				BC69BA3F1C91233E000DBC35 /* Base */,
			);
			name = Main.storyboard;
			sourceTree = "<group>";
		};
		BC69BA431C91233E000DBC35 /* LaunchScreen.storyboard */ = {
			isa = PBXVariantGroup;
			children = (
				BC69BA441C91233E000DBC35 /* Base */,
			);
			name = LaunchScreen.storyboard;
			sourceTree = "<group>";
		};
/* End PBXVariantGroup section */

/* Begin XCBuildConfiguration section */
		BC69BA471C91233E000DBC35 /* Debug */ = {
			isa = XCBuildConfiguration;
			buildSettings = {
				ALWAYS_SEARCH_USER_PATHS = NO;
				CLANG_CXX_LANGUAGE_STANDARD = "gnu++0x";
				CLANG_CXX_LIBRARY = "libc++";
				CLANG_ENABLE_MODULES = YES;
				CLANG_ENABLE_OBJC_ARC = YES;
				CLANG_WARN_BOOL_CONVERSION = YES;
				CLANG_WARN_CONSTANT_CONVERSION = YES;
				CLANG_WARN_DIRECT_OBJC_ISA_USAGE = YES_ERROR;
				CLANG_WARN_EMPTY_BODY = YES;
				CLANG_WARN_ENUM_CONVERSION = YES;
				CLANG_WARN_INT_CONVERSION = YES;
				CLANG_WARN_OBJC_ROOT_CLASS = YES_ERROR;
				CLANG_WARN_UNREACHABLE_CODE = YES;
				CLANG_WARN__DUPLICATE_METHOD_MATCH = YES;
				"CODE_SIGN_IDENTITY[sdk=iphoneos*]" = "iPhone Developer";
				COPY_PHASE_STRIP = NO;
				DEBUG_INFORMATION_FORMAT = dwarf;
				ENABLE_STRICT_OBJC_MSGSEND = YES;
				ENABLE_TESTABILITY = YES;
				GCC_C_LANGUAGE_STANDARD = gnu99;
				GCC_DYNAMIC_NO_PIC = NO;
				GCC_NO_COMMON_BLOCKS = YES;
				GCC_OPTIMIZATION_LEVEL = 0;
				GCC_PREPROCESSOR_DEFINITIONS = (
					"DEBUG=1",
					"$(inherited)",
				);
				GCC_WARN_64_TO_32_BIT_CONVERSION = YES;
				GCC_WARN_ABOUT_RETURN_TYPE = YES_ERROR;
				GCC_WARN_UNDECLARED_SELECTOR = YES;
				GCC_WARN_UNINITIALIZED_AUTOS = YES_AGGRESSIVE;
				GCC_WARN_UNUSED_FUNCTION = YES;
				GCC_WARN_UNUSED_VARIABLE = YES;
				IPHONEOS_DEPLOYMENT_TARGET = 9.2;
				MTL_ENABLE_DEBUG_INFO = YES;
				ONLY_ACTIVE_ARCH = YES;
				SDKROOT = iphoneos;
				TARGETED_DEVICE_FAMILY = "1,2";
			};
			name = Debug;
		};
		BC69BA481C91233E000DBC35 /* Release */ = {
			isa = XCBuildConfiguration;
			buildSettings = {
				ALWAYS_SEARCH_USER_PATHS = NO;
				CLANG_CXX_LANGUAGE_STANDARD = "gnu++0x";
				CLANG_CXX_LIBRARY = "libc++";
				CLANG_ENABLE_MODULES = YES;
				CLANG_ENABLE_OBJC_ARC = YES;
				CLANG_WARN_BOOL_CONVERSION = YES;
				CLANG_WARN_CONSTANT_CONVERSION = YES;
				CLANG_WARN_DIRECT_OBJC_ISA_USAGE = YES_ERROR;
				CLANG_WARN_EMPTY_BODY = YES;
				CLANG_WARN_ENUM_CONVERSION = YES;
				CLANG_WARN_INT_CONVERSION = YES;
				CLANG_WARN_OBJC_ROOT_CLASS = YES_ERROR;
				CLANG_WARN_UNREACHABLE_CODE = YES;
				CLANG_WARN__DUPLICATE_METHOD_MATCH = YES;
				"CODE_SIGN_IDENTITY[sdk=iphoneos*]" = "iPhone Developer";
				COPY_PHASE_STRIP = NO;
				DEBUG_INFORMATION_FORMAT = "dwarf-with-dsym";
				ENABLE_NS_ASSERTIONS = NO;
				ENABLE_STRICT_OBJC_MSGSEND = YES;
				GCC_C_LANGUAGE_STANDARD = gnu99;
				GCC_NO_COMMON_BLOCKS = YES;
				GCC_WARN_64_TO_32_BIT_CONVERSION = YES;
				GCC_WARN_ABOUT_RETURN_TYPE = YES_ERROR;
				GCC_WARN_UNDECLARED_SELECTOR = YES;
				GCC_WARN_UNINITIALIZED_AUTOS = YES_AGGRESSIVE;
				GCC_WARN_UNUSED_FUNCTION = YES;
				GCC_WARN_UNUSED_VARIABLE = YES;
				IPHONEOS_DEPLOYMENT_TARGET = 9.2;
				MTL_ENABLE_DEBUG_INFO = NO;
				SDKROOT = iphoneos;
				TARGETED_DEVICE_FAMILY = "1,2";
				VALIDATE_PRODUCT = YES;
			};
			name = Release;
		};
		BC69BA4A1C91233E000DBC35 /* Debug */ = {
			isa = XCBuildConfiguration;
			buildSettings = {
				ASSETCATALOG_COMPILER_APPICON_NAME = AppIcon;
				INFOPLIST_FILE = ooyala/Info.plist;
				LD_RUNPATH_SEARCH_PATHS = "$(inherited) @executable_path/Frameworks";
				PRODUCT_BUNDLE_IDENTIFIER = com.test.ooyala;
				PRODUCT_NAME = "$(TARGET_NAME)";
			};
			name = Debug;
		};
		BC69BA4B1C91233E000DBC35 /* Release */ = {
			isa = XCBuildConfiguration;
			buildSettings = {
				ASSETCATALOG_COMPILER_APPICON_NAME = AppIcon;
				INFOPLIST_FILE = ooyala/Info.plist;
				LD_RUNPATH_SEARCH_PATHS = "$(inherited) @executable_path/Frameworks";
				PRODUCT_BUNDLE_IDENTIFIER = com.test.ooyala;
				PRODUCT_NAME = "$(TARGET_NAME)";
			};
			name = Release;
		};
/* End XCBuildConfiguration section */

/* Begin XCConfigurationList section */
		BC69BA2A1C91233E000DBC35 /* Build configuration list for PBXProject "ooyala" */ = {
			isa = XCConfigurationList;
			buildConfigurations = (
				BC69BA471C91233E000DBC35 /* Debug */,
				BC69BA481C91233E000DBC35 /* Release */,
			);
			defaultConfigurationIsVisible = 0;
			defaultConfigurationName = Release;
		};
		BC69BA491C91233E000DBC35 /* Build configuration list for PBXNativeTarget "ooyala" */ = {
			isa = XCConfigurationList;
			buildConfigurations = (
				BC69BA4A1C91233E000DBC35 /* Debug */,
				BC69BA4B1C91233E000DBC35 /* Release */,
			);
			defaultConfigurationIsVisible = 0;
		};
/* End XCConfigurationList section */
	};
	rootObject = BC69BA271C91233E000DBC35 /* Project object */;
}
